{
  "name": "server2",
  "version": "1.0.0",
  "lockfileVersion": 1,
  "requires": true,
  "dependencies": {
    "binary-parser": {
      "version": "2.0.1",
      "resolved": "https://registry.npmjs.org/binary-parser/-/binary-parser-2.0.1.tgz",
      "integrity": "sha512-7kZx8vZCq+V/0XkaOjLpCkBdOYCzjau+yt1PDMM04Q73WgtNYSoM6gOpl/Ky7qbANrEkcbX9ya+6Fdmj1WeU+w=="
    },
    "disect": {
      "version": "1.1.1",
      "resolved": "https://registry.npmjs.org/disect/-/disect-1.1.1.tgz",
      "integrity": "sha512-rr2Ym8FSAoqAJ1KfpUiQ/Io01HP0LZPHBuppbFsHozmSNf+YwrvyD5pm5tMTUApJFNwD7HeWJ5DGldSugScukA=="
    },
    "parser": {
      "version": "0.1.4",
      "resolved": "https://registry.npmjs.org/parser/-/parser-0.1.4.tgz",
      "integrity": "sha512-f6EM/mBtPzmIh96MpcbePfhkBOYRmLYWuOukJqMysMlvjp4s2MQSSQnFEekd9GV4JGTnDJ2uFt3Ztcqc9wCMJg==",
      "requires": {
        "tokenizer": "*"
      }
    },
    "tokenizer": {
      "version": "1.1.2",
      "resolved": "https://registry.npmjs.org/tokenizer/-/tokenizer-1.1.2.tgz",
      "integrity": "sha512-c/EYsBwEW/EX28q44UaSrJ9o5M2aI+N/xdJJ4Zl7dNq76OmWQHhmXH0T8DJQNjVYPc7NclV2CZQfyeUMfnEu/A==",
      "requires": {
        "disect": "~1.1.0"
      }
    }
  }
}
